
Microsoft Visual Studio Solution File, Format Version 12.00
# Visual Studio Version 16
VisualStudioVersion = 16.0.31624.102
MinimumVisualStudioVersion = 10.0.40219.1
Project("{FAE04EC0-301F-11D3-BF4B-00C04F79EFBC}") = "Lab_6", "Lab_6.csproj", "{B072DAC4-1B7D-4442-ADD2-95253F684650}"
EndProject
Global
	GlobalSection(SolutionConfigurationPlatforms) = preSolution
		Debug|Any CPU = Debug|Any CPU
		Release|Any CPU = Release|Any CPU
	EndGlobalSection
	GlobalSection(ProjectConfigurationPlatforms) = postSolution
		{B072DAC4-1B7D-4442-ADD2-95253F684650}.Debug|Any CPU.ActiveCfg = Debug|Any CPU
		{B072DAC4-1B7D-4442-ADD2-95253F684650}.Debug|Any CPU.Build.0 = Debug|Any CPU
		{B072DAC4-1B7D-4442-ADD2-95253F684650}.Release|Any CPU.ActiveCfg = Release|Any CPU
		{B072DAC4-1B7D-4442-ADD2-95253F684650}.Release|Any CPU.Build.0 = Release|Any CPU
	EndGlobalSection
	GlobalSection(SolutionProperties) = preSolution
		HideSolutionNode = FALSE
	EndGlobalSection
	GlobalSection(ExtensibilityGlobals) = postSolution
		SolutionGuid = {96B74325-9D33-4D94-8184-1BCBBACFFC05}
	EndGlobalSection
EndGlobal
